
Microsoft Visual Studio Solution File, Format Version 12.00
# Visual Studio Version 16
VisualStudioVersion = 16.0.31702.278
MinimumVisualStudioVersion = 10.0.40219.1
Project("{FAE04EC0-301F-11D3-BF4B-00C04F79EFBC}") = "lab10", "lab10\lab10.csproj", "{853DDFE7-0A86-4F98-9BC6-369EC6377B24}"
EndProject
Global
	GlobalSection(SolutionConfigurationPlatforms) = preSolution
		Debug|Any CPU = Debug|Any CPU
		Release|Any CPU = Release|Any CPU
	EndGlobalSection
	GlobalSection(ProjectConfigurationPlatforms) = postSolution
		{853DDFE7-0A86-4F98-9BC6-369EC6377B24}.Debug|Any CPU.ActiveCfg = Debug|Any CPU
		{853DDFE7-0A86-4F98-9BC6-369EC6377B24}.Debug|Any CPU.Build.0 = Debug|Any CPU
		{853DDFE7-0A86-4F98-9BC6-369EC6377B24}.Release|Any CPU.ActiveCfg = Release|Any CPU
		{853DDFE7-0A86-4F98-9BC6-369EC6377B24}.Release|Any CPU.Build.0 = Release|Any CPU
	EndGlobalSection
	GlobalSection(SolutionProperties) = preSolution
		HideSolutionNode = FALSE
	EndGlobalSection
	GlobalSection(ExtensibilityGlobals) = postSolution
		SolutionGuid = {39455096-CB54-492D-A722-15145E81DFE0}
	EndGlobalSection
EndGlobal
